// !$*UTF8*$!
{
	archiveVersion = 1;
	classes = {
	};
	objectVersion = 77;
	objects = {

/* Begin PBXBuildFile section */
		A10000000000000000000001 /* ContractModularApp.swift in Sources */ = {isa = PBXBuildFile; fileRef = A10000000000000000000011 /* ContractModularApp.swift */; };
		A10000000000000000000002 /* Models.swift in Sources */ = {isa = PBXBuildFile; fileRef = A10000000000000000000012 /* Models.swift */; };
		A10000000000000000000003 /* AppStore.swift in Sources */ = {isa = PBXBuildFile; fileRef = A10000000000000000000013 /* AppStore.swift */; };
		A10000000000000000000004 /* DesignSystem.swift in Sources */ = {isa = PBXBuildFile; fileRef = A10000000000000000000014 /* DesignSystem.swift */; };
		A10000000000000000000005 /* DocumentServices.swift in Sources */ = {isa = PBXBuildFile; fileRef = A10000000000000000000015 /* DocumentServices.swift */; };
		A10000000000000000000006 /* AdvancedViews.swift in Sources */ = {isa = PBXBuildFile; fileRef = A10000000000000000000016 /* AdvancedViews.swift */; };
		A10000000000000000000007 /* PDFKit.framework in Frameworks */ = {isa = PBXBuildFile; fileRef = A10000000000000000000021 /* PDFKit.framework */; };
		A10000000000000000000008 /* LocalAuthentication.framework in Frameworks */ = {isa = PBXBuildFile; fileRef = A10000000000000000000022 /* LocalAuthentication.framework */; };
/* End PBXBuildFile section */

/* Begin PBXFileReference section */
		A10000000000000000000010 /* ContractModular.app */ = {isa = PBXFileReference; explicitFileType = wrapper.application; includeInIndex = 0; path = ContractModular.app; sourceTree = BUILT_PRODUCTS_DIR; };
		A10000000000000000000011 /* ContractModularApp.swift */ = {isa = PBXFileReference; lastKnownFileType = sourcecode.swift; path = ContractModularApp.swift; sourceTree = "<group>"; };
		A10000000000000000000012 /* Models.swift */ = {isa = PBXFileReference; lastKnownFileType = sourcecode.swift; path = Models.swift; sourceTree = "<group>"; };
		A10000000000000000000013 /* AppStore.swift */ = {isa = PBXFileReference; lastKnownFileType = sourcecode.swift; path = AppStore.swift; sourceTree = "<group>"; };
		A10000000000000000000014 /* DesignSystem.swift */ = {isa = PBXFileReference; lastKnownFileType = sourcecode.swift; path = DesignSystem.swift; sourceTree = "<group>"; };
		A10000000000000000000015 /* DocumentServices.swift */ = {isa = PBXFileReference; lastKnownFileType = sourcecode.swift; path = DocumentServices.swift; sourceTree = "<group>"; };
		A10000000000000000000016 /* AdvancedViews.swift */ = {isa = PBXFileReference; lastKnownFileType = sourcecode.swift; path = AdvancedViews.swift; sourceTree = "<group>"; };
		A10000000000000000000021 /* PDFKit.framework */ = {isa = PBXFileReference; lastKnownFileType = wrapper.framework; name = PDFKit.framework; path = System/Library/Frameworks/PDFKit.framework; sourceTree = SDKROOT; };
		A10000000000000000000022 /* LocalAuthentication.framework */ = {isa = PBXFileReference; lastKnownFileType = wrapper.framework; name = LocalAuthentication.framework; path = System/Library/Frameworks/LocalAuthentication.framework; sourceTree = SDKROOT; };
/* End PBXFileReference section */

/* Begin PBXFrameworksBuildPhase section */
		A10000000000000000000031 /* Frameworks */ = {
			isa = PBXFrameworksBuildPhase;
			buildActionMask = 2147483647;
			files = (
				A10000000000000000000007 /* PDFKit.framework in Frameworks */,
				A10000000000000000000008 /* LocalAuthentication.framework in Frameworks */,
			);
			runOnlyForDeploymentPostprocessing = 0;
		};
/* End PBXFrameworksBuildPhase section */

/* Begin PBXGroup section */
		A10000000000000000000040 = {
			isa = PBXGroup;
			children = (
				A10000000000000000000041 /* ContractModular */,
				A10000000000000000000042 /* Frameworks */,
				A10000000000000000000043 /* Products */,
			);
			sourceTree = "<group>";
		};
		A10000000000000000000041 /* ContractModular */ = {
			isa = PBXGroup;
			children = (
				A10000000000000000000011 /* ContractModularApp.swift */,
				A10000000000000000000012 /* Models.swift */,
				A10000000000000000000013 /* AppStore.swift */,
				A10000000000000000000014 /* DesignSystem.swift */,
				A10000000000000000000015 /* DocumentServices.swift */,
				A10000000000000000000016 /* AdvancedViews.swift */,
			);
			path = ContractModular;
			sourceTree = "<group>";
		};
		A10000000000000000000042 /* Frameworks */ = {
			isa = PBXGroup;
			children = (
				A10000000000000000000021 /* PDFKit.framework */,
				A10000000000000000000022 /* LocalAuthentication.framework */,
			);
			name = Frameworks;
			sourceTree = "<group>";
		};
		A10000000000000000000043 /* Products */ = {
			isa = PBXGroup;
			children = (
				A10000000000000000000010 /* ContractModular.app */,
			);
			name = Products;
			sourceTree = "<group>";
		};
/* End PBXGroup section */

/* Begin PBXNativeTarget section */
		A10000000000000000000050 /* ContractModular */ = {
			isa = PBXNativeTarget;
			buildConfigurationList = A10000000000000000000061 /* Build configuration list for PBXNativeTarget "ContractModular" */;
			buildPhases = (
				A10000000000000000000030 /* Sources */,
				A10000000000000000000031 /* Frameworks */,
				A10000000000000000000032 /* Resources */,
			);
			buildRules = (
			);
			dependencies = (
			);
			name = ContractModular;
			productName = ContractModular;
			productReference = A10000000000000000000010 /* ContractModular.app */;
			productType = "com.apple.product-type.application";
		};
/* End PBXNativeTarget section */

/* Begin PBXProject section */
		A10000000000000000000051 /* Project object */ = {
			isa = PBXProject;
			attributes = {
				LastUpgradeCheck = 2600;
				TargetAttributes = {
					A10000000000000000000050 = {
						CreatedOnToolsVersion = 26.0;
					};
				};
			};
			buildConfigurationList = A10000000000000000000060 /* Build configuration list for PBXProject "ContractModular" */;
			compatibilityVersion = "Xcode 16.0";
			developmentRegion = en;
			hasScannedForEncodings = 0;
			knownRegions = (
				en,
				es,
				Base,
			);
			mainGroup = A10000000000000000000040;
			productRefGroup = A10000000000000000000043 /* Products */;
			projectDirPath = "";
			projectRoot = "";
			targets = (
				A10000000000000000000050 /* ContractModular */,
			);
		};
/* End PBXProject section */

/* Begin PBXResourcesBuildPhase section */
		A10000000000000000000032 /* Resources */ = {
			isa = PBXResourcesBuildPhase;
			buildActionMask = 2147483647;
			files = (
			);
			runOnlyForDeploymentPostprocessing = 0;
		};
/* End PBXResourcesBuildPhase section */

/* Begin PBXSourcesBuildPhase section */
		A10000000000000000000030 /* Sources */ = {
			isa = PBXSourcesBuildPhase;
			buildActionMask = 2147483647;
			files = (
				A10000000000000000000001 /* ContractModularApp.swift in Sources */,
				A10000000000000000000002 /* Models.swift in Sources */,
				A10000000000000000000003 /* AppStore.swift in Sources */,
				A10000000000000000000004 /* DesignSystem.swift in Sources */,
				A10000000000000000000005 /* DocumentServices.swift in Sources */,
				A10000000000000000000006 /* AdvancedViews.swift in Sources */,
			);
			runOnlyForDeploymentPostprocessing = 0;
		};
/* End PBXSourcesBuildPhase section */

/* Begin XCBuildConfiguration section */
		A10000000000000000000070 /* Debug */ = {
			isa = XCBuildConfiguration;
			buildSettings = {
				ALWAYS_SEARCH_USER_PATHS = NO;
				CLANG_ENABLE_MODULES = YES;
				CLANG_ENABLE_OBJC_ARC = YES;
				DEBUG_INFORMATION_FORMAT = dwarf;
				GCC_C_LANGUAGE_STANDARD = gnu17;
				ONLY_ACTIVE_ARCH = YES;
				SDKROOT = iphoneos;
				SWIFT_ACTIVE_COMPILATION_CONDITIONS = DEBUG;
				SWIFT_OPTIMIZATION_LEVEL = "-Onone";
			};
			name = Debug;
		};
		A10000000000000000000071 /* Release */ = {
			isa = XCBuildConfiguration;
			buildSettings = {
				ALWAYS_SEARCH_USER_PATHS = NO;
				CLANG_ENABLE_MODULES = YES;
				CLANG_ENABLE_OBJC_ARC = YES;
				DEBUG_INFORMATION_FORMAT = "dwarf-with-dsym";
				GCC_C_LANGUAGE_STANDARD = gnu17;
				SDKROOT = iphoneos;
				SWIFT_COMPILATION_MODE = wholemodule;
				SWIFT_OPTIMIZATION_LEVEL = "-O";
			};
			name = Release;
		};
		A10000000000000000000072 /* Debug target */ = {
			isa = XCBuildConfiguration;
			buildSettings = {
				ASSETCATALOG_COMPILER_GLOBAL_ACCENT_COLOR_NAME = AccentColor;
				CURRENT_PROJECT_VERSION = 1;
				GENERATE_INFOPLIST_FILE = YES;
				INFOPLIST_KEY_CFBundleDisplayName = "Contract Modular";
				INFOPLIST_KEY_LSApplicationCategoryType = "public.app-category.business";
				IPHONEOS_DEPLOYMENT_TARGET = 26.0;
				PRODUCT_BUNDLE_IDENTIFIER = "com.alejandro.contractmodular";
				PRODUCT_NAME = "$(TARGET_NAME)";
				SWIFT_EMIT_LOC_STRINGS = YES;
				SWIFT_VERSION = 6.2;
				TARGETED_DEVICE_FAMILY = "1,2";
			};
			name = Debug;
		};
		A10000000000000000000073 /* Release target */ = {
			isa = XCBuildConfiguration;
			buildSettings = {
				ASSETCATALOG_COMPILER_GLOBAL_ACCENT_COLOR_NAME = AccentColor;
				CURRENT_PROJECT_VERSION = 1;
				GENERATE_INFOPLIST_FILE = YES;
				INFOPLIST_KEY_CFBundleDisplayName = "Contract Modular";
				INFOPLIST_KEY_LSApplicationCategoryType = "public.app-category.business";
				IPHONEOS_DEPLOYMENT_TARGET = 26.0;
				PRODUCT_BUNDLE_IDENTIFIER = "com.alejandro.contractmodular";
				PRODUCT_NAME = "$(TARGET_NAME)";
				SWIFT_EMIT_LOC_STRINGS = YES;
				SWIFT_VERSION = 6.2;
				TARGETED_DEVICE_FAMILY = "1,2";
			};
			name = Release;
		};
/* End XCBuildConfiguration section */

/* Begin XCConfigurationList section */
		A10000000000000000000060 /* Build configuration list for PBXProject "ContractModular" */ = {
			isa = XCConfigurationList;
			buildConfigurations = (
				A10000000000000000000070 /* Debug */,
				A10000000000000000000071 /* Release */,
			);
			defaultConfigurationIsVisible = 0;
			defaultConfigurationName = Release;
		};
		A10000000000000000000061 /* Build configuration list for PBXNativeTarget "ContractModular" */ = {
			isa = XCConfigurationList;
			buildConfigurations = (
				A10000000000000000000072 /* Debug target */,
				A10000000000000000000073 /* Release target */,
			);
			defaultConfigurationIsVisible = 0;
			defaultConfigurationName = Release;
		};
/* End XCConfigurationList section */
	};
	rootObject = A10000000000000000000051 /* Project object */;
}
